
Microsoft Visual Studio Solution File, Format Version 12.00
# Visual Studio Version 17
VisualStudioVersion = 17.0.31903.59
MinimumVisualStudioVersion = 10.0.40219.1
Project("{2150E333-8FDC-42A3-9474-1A3956D46DE8}") = "src", "src", "{827E0CD3-B72D-47B6-A68D-7590B98EB39B}"
EndProject
Project("{FAE04EC0-301F-11D3-BF4B-00C04F79EFBC}") = "AFWGSS.Main", "src\AFWGSS.Main\AFWGSS.Main.csproj", "{052C602D-AD34-4AA1-8BE2-86F657097953}"
EndProject
Project("{2150E333-8FDC-42A3-9474-1A3956D46DE8}") = "Modules", "Modules", "{EC447DCF-ABFA-6E24-52A5-D7FD48A5C558}"
EndProject
Project("{2150E333-8FDC-42A3-9474-1A3956D46DE8}") = "POE", "POE", "{C95F4584-D502-A02E-535A-FC33A3F78F13}"
EndProject
Project("{FAE04EC0-301F-11D3-BF4B-00C04F79EFBC}") = "AFWGSS.POE", "src\Modules\POE\AFWGSS.POE.csproj", "{7EF71CBB-706B-48ED-9019-F7090E73BF60}"
EndProject
Project("{2150E333-8FDC-42A3-9474-1A3956D46DE8}") = "DAAOE", "DAAOE", "{3DF086E1-6144-8839-61F8-1A48D95B6A05}"
EndProject
Project("{FAE04EC0-301F-11D3-BF4B-00C04F79EFBC}") = "AFWGSS.DAAOE", "src\Modules\DAAOE\AFWGSS.DAAOE.csproj", "{FD8D9644-F539-4A1C-8AC3-44ED9C0D5D5D}"
EndProject
Project("{2150E333-8FDC-42A3-9474-1A3956D46DE8}") = "AAR", "AAR", "{23CC4EE1-D14E-22F9-436F-A1924218B577}"
EndProject
Project("{FAE04EC0-301F-11D3-BF4B-00C04F79EFBC}") = "AFWGSS.AAR", "src\Modules\AAR\AFWGSS.AAR.csproj", "{45E5CDE6-0F64-441F-BCB7-5F92F2EFE985}"
EndProject
Project("{2150E333-8FDC-42A3-9474-1A3956D46DE8}") = "WGC", "WGC", "{93CD49BB-7E54-881D-8D7D-4465243FEA27}"
EndProject
Project("{FAE04EC0-301F-11D3-BF4B-00C04F79EFBC}") = "AFWGSS.WGC", "src\Modules\WGC\AFWGSS.WGC.csproj", "{5F3BAA8B-827F-40EA-B643-9FD30A170097}"
EndProject
Project("{2150E333-8FDC-42A3-9474-1A3956D46DE8}") = "Core", "Core", "{8D626EA8-CB54-BC41-363A-217881BEBA6E}"
EndProject
Project("{FAE04EC0-301F-11D3-BF4B-00C04F79EFBC}") = "AFWGSS.Core", "src\Core\AFWGSS.Core.csproj", "{244827A2-C655-448A-B3AA-34CF52963D57}"
EndProject
Project("{2150E333-8FDC-42A3-9474-1A3956D46DE8}") = "Shared", "Shared", "{C8E42992-5E42-0C2B-DBFE-AA848D06431C}"
EndProject
Project("{FAE04EC0-301F-11D3-BF4B-00C04F79EFBC}") = "AFWGSS.Shared", "src\Shared\AFWGSS.Shared.csproj", "{8B743184-3CAF-4499-843E-96348242A773}"
EndProject
Global
	GlobalSection(SolutionConfigurationPlatforms) = preSolution
		Debug|Any CPU = Debug|Any CPU
		Debug|x64 = Debug|x64
		Debug|x86 = Debug|x86
		Release|Any CPU = Release|Any CPU
		Release|x64 = Release|x64
		Release|x86 = Release|x86
	EndGlobalSection
	GlobalSection(ProjectConfigurationPlatforms) = postSolution
		{052C602D-AD34-4AA1-8BE2-86F657097953}.Debug|Any CPU.ActiveCfg = Debug|Any CPU
		{052C602D-AD34-4AA1-8BE2-86F657097953}.Debug|Any CPU.Build.0 = Debug|Any CPU
		{052C602D-AD34-4AA1-8BE2-86F657097953}.Debug|x64.ActiveCfg = Debug|Any CPU
		{052C602D-AD34-4AA1-8BE2-86F657097953}.Debug|x64.Build.0 = Debug|Any CPU
		{052C602D-AD34-4AA1-8BE2-86F657097953}.Debug|x86.ActiveCfg = Debug|Any CPU
		{052C602D-AD34-4AA1-8BE2-86F657097953}.Debug|x86.Build.0 = Debug|Any CPU
		{052C602D-AD34-4AA1-8BE2-86F657097953}.Release|Any CPU.ActiveCfg = Release|Any CPU
		{052C602D-AD34-4AA1-8BE2-86F657097953}.Release|Any CPU.Build.0 = Release|Any CPU
		{052C602D-AD34-4AA1-8BE2-86F657097953}.Release|x64.ActiveCfg = Release|Any CPU
		{052C602D-AD34-4AA1-8BE2-86F657097953}.Release|x64.Build.0 = Release|Any CPU
		{052C602D-AD34-4AA1-8BE2-86F657097953}.Release|x86.ActiveCfg = Release|Any CPU
		{052C602D-AD34-4AA1-8BE2-86F657097953}.Release|x86.Build.0 = Release|Any CPU
		{7EF71CBB-706B-48ED-9019-F7090E73BF60}.Debug|Any CPU.ActiveCfg = Debug|Any CPU
		{7EF71CBB-706B-48ED-9019-F7090E73BF60}.Debug|Any CPU.Build.0 = Debug|Any CPU
		{7EF71CBB-706B-48ED-9019-F7090E73BF60}.Debug|x64.ActiveCfg = Debug|Any CPU
		{7EF71CBB-706B-48ED-9019-F7090E73BF60}.Debug|x64.Build.0 = Debug|Any CPU
		{7EF71CBB-706B-48ED-9019-F7090E73BF60}.Debug|x86.ActiveCfg = Debug|Any CPU
		{7EF71CBB-706B-48ED-9019-F7090E73BF60}.Debug|x86.Build.0 = Debug|Any CPU
		{7EF71CBB-706B-48ED-9019-F7090E73BF60}.Release|Any CPU.ActiveCfg = Release|Any CPU
		{7EF71CBB-706B-48ED-9019-F7090E73BF60}.Release|Any CPU.Build.0 = Release|Any CPU
		{7EF71CBB-706B-48ED-9019-F7090E73BF60}.Release|x64.ActiveCfg = Release|Any CPU
		{7EF71CBB-706B-48ED-9019-F7090E73BF60}.Release|x64.Build.0 = Release|Any CPU
		{7EF71CBB-706B-48ED-9019-F7090E73BF60}.Release|x86.ActiveCfg = Release|Any CPU
		{7EF71CBB-706B-48ED-9019-F7090E73BF60}.Release|x86.Build.0 = Release|Any CPU
		{FD8D9644-F539-4A1C-8AC3-44ED9C0D5D5D}.Debug|Any CPU.ActiveCfg = Debug|Any CPU
		{FD8D9644-F539-4A1C-8AC3-44ED9C0D5D5D}.Debug|Any CPU.Build.0 = Debug|Any CPU
		{FD8D9644-F539-4A1C-8AC3-44ED9C0D5D5D}.Debug|x64.ActiveCfg = Debug|Any CPU
		{FD8D9644-F539-4A1C-8AC3-44ED9C0D5D5D}.Debug|x64.Build.0 = Debug|Any CPU
		{FD8D9644-F539-4A1C-8AC3-44ED9C0D5D5D}.Debug|x86.ActiveCfg = Debug|Any CPU
		{FD8D9644-F539-4A1C-8AC3-44ED9C0D5D5D}.Debug|x86.Build.0 = Debug|Any CPU
		{FD8D9644-F539-4A1C-8AC3-44ED9C0D5D5D}.Release|Any CPU.ActiveCfg = Release|Any CPU
		{FD8D9644-F539-4A1C-8AC3-44ED9C0D5D5D}.Release|Any CPU.Build.0 = Release|Any CPU
		{FD8D9644-F539-4A1C-8AC3-44ED9C0D5D5D}.Release|x64.ActiveCfg = Release|Any CPU
		{FD8D9644-F539-4A1C-8AC3-44ED9C0D5D5D}.Release|x64.Build.0 = Release|Any CPU
		{FD8D9644-F539-4A1C-8AC3-44ED9C0D5D5D}.Release|x86.ActiveCfg = Release|Any CPU
		{FD8D9644-F539-4A1C-8AC3-44ED9C0D5D5D}.Release|x86.Build.0 = Release|Any CPU
		{45E5CDE6-0F64-441F-BCB7-5F92F2EFE985}.Debug|Any CPU.ActiveCfg = Debug|Any CPU
		{45E5CDE6-0F64-441F-BCB7-5F92F2EFE985}.Debug|Any CPU.Build.0 = Debug|Any CPU
		{45E5CDE6-0F64-441F-BCB7-5F92F2EFE985}.Debug|x64.ActiveCfg = Debug|Any CPU
		{45E5CDE6-0F64-441F-BCB7-5F92F2EFE985}.Debug|x64.Build.0 = Debug|Any CPU
		{45E5CDE6-0F64-441F-BCB7-5F92F2EFE985}.Debug|x86.ActiveCfg = Debug|Any CPU
		{45E5CDE6-0F64-441F-BCB7-5F92F2EFE985}.Debug|x86.Build.0 = Debug|Any CPU
		{45E5CDE6-0F64-441F-BCB7-5F92F2EFE985}.Release|Any CPU.ActiveCfg = Release|Any CPU
		{45E5CDE6-0F64-441F-BCB7-5F92F2EFE985}.Release|Any CPU.Build.0 = Release|Any CPU
		{45E5CDE6-0F64-441F-BCB7-5F92F2EFE985}.Release|x64.ActiveCfg = Release|Any CPU
		{45E5CDE6-0F64-441F-BCB7-5F92F2EFE985}.Release|x64.Build.0 = Release|Any CPU
		{45E5CDE6-0F64-441F-BCB7-5F92F2EFE985}.Release|x86.ActiveCfg = Release|Any CPU
		{45E5CDE6-0F64-441F-BCB7-5F92F2EFE985}.Release|x86.Build.0 = Release|Any CPU
		{5F3BAA8B-827F-40EA-B643-9FD30A170097}.Debug|Any CPU.ActiveCfg = Debug|Any CPU
		{5F3BAA8B-827F-40EA-B643-9FD30A170097}.Debug|Any CPU.Build.0 = Debug|Any CPU
		{5F3BAA8B-827F-40EA-B643-9FD30A170097}.Debug|x64.ActiveCfg = Debug|Any CPU
		{5F3BAA8B-827F-40EA-B643-9FD30A170097}.Debug|x64.Build.0 = Debug|Any CPU
		{5F3BAA8B-827F-40EA-B643-9FD30A170097}.Debug|x86.ActiveCfg = Debug|Any CPU
		{5F3BAA8B-827F-40EA-B643-9FD30A170097}.Debug|x86.Build.0 = Debug|Any CPU
		{5F3BAA8B-827F-40EA-B643-9FD30A170097}.Release|Any CPU.ActiveCfg = Release|Any CPU
		{5F3BAA8B-827F-40EA-B643-9FD30A170097}.Release|Any CPU.Build.0 = Release|Any CPU
		{5F3BAA8B-827F-40EA-B643-9FD30A170097}.Release|x64.ActiveCfg = Release|Any CPU
		{5F3BAA8B-827F-40EA-B643-9FD30A170097}.Release|x64.Build.0 = Release|Any CPU
		{5F3BAA8B-827F-40EA-B643-9FD30A170097}.Release|x86.ActiveCfg = Release|Any CPU
		{5F3BAA8B-827F-40EA-B643-9FD30A170097}.Release|x86.Build.0 = Release|Any CPU
		{244827A2-C655-448A-B3AA-34CF52963D57}.Debug|Any CPU.ActiveCfg = Debug|Any CPU
		{244827A2-C655-448A-B3AA-34CF52963D57}.Debug|Any CPU.Build.0 = Debug|Any CPU
		{244827A2-C655-448A-B3AA-34CF52963D57}.Debug|x64.ActiveCfg = Debug|Any CPU
		{244827A2-C655-448A-B3AA-34CF52963D57}.Debug|x64.Build.0 = Debug|Any CPU
		{244827A2-C655-448A-B3AA-34CF52963D57}.Debug|x86.ActiveCfg = Debug|Any CPU
		{244827A2-C655-448A-B3AA-34CF52963D57}.Debug|x86.Build.0 = Debug|Any CPU
		{244827A2-C655-448A-B3AA-34CF52963D57}.Release|Any CPU.ActiveCfg = Release|Any CPU
		{244827A2-C655-448A-B3AA-34CF52963D57}.Release|Any CPU.Build.0 = Release|Any CPU
		{244827A2-C655-448A-B3AA-34CF52963D57}.Release|x64.ActiveCfg = Release|Any CPU
		{244827A2-C655-448A-B3AA-34CF52963D57}.Release|x64.Build.0 = Release|Any CPU
		{244827A2-C655-448A-B3AA-34CF52963D57}.Release|x86.ActiveCfg = Release|Any CPU
		{244827A2-C655-448A-B3AA-34CF52963D57}.Release|x86.Build.0 = Release|Any CPU
		{8B743184-3CAF-4499-843E-96348242A773}.Debug|Any CPU.ActiveCfg = Debug|Any CPU
		{8B743184-3CAF-4499-843E-96348242A773}.Debug|Any CPU.Build.0 = Debug|Any CPU
		{8B743184-3CAF-4499-843E-96348242A773}.Debug|x64.ActiveCfg = Debug|Any CPU
		{8B743184-3CAF-4499-843E-96348242A773}.Debug|x64.Build.0 = Debug|Any CPU
		{8B743184-3CAF-4499-843E-96348242A773}.Debug|x86.ActiveCfg = Debug|Any CPU
		{8B743184-3CAF-4499-843E-96348242A773}.Debug|x86.Build.0 = Debug|Any CPU
		{8B743184-3CAF-4499-843E-96348242A773}.Release|Any CPU.ActiveCfg = Release|Any CPU
		{8B743184-3CAF-4499-843E-96348242A773}.Release|Any CPU.Build.0 = Release|Any CPU
		{8B743184-3CAF-4499-843E-96348242A773}.Release|x64.ActiveCfg = Release|Any CPU
		{8B743184-3CAF-4499-843E-96348242A773}.Release|x64.Build.0 = Release|Any CPU
		{8B743184-3CAF-4499-843E-96348242A773}.Release|x86.ActiveCfg = Release|Any CPU
		{8B743184-3CAF-4499-843E-96348242A773}.Release|x86.Build.0 = Release|Any CPU
	EndGlobalSection
	GlobalSection(SolutionProperties) = preSolution
		HideSolutionNode = FALSE
	EndGlobalSection
	GlobalSection(NestedProjects) = preSolution
		{052C602D-AD34-4AA1-8BE2-86F657097953} = {827E0CD3-B72D-47B6-A68D-7590B98EB39B}
		{EC447DCF-ABFA-6E24-52A5-D7FD48A5C558} = {827E0CD3-B72D-47B6-A68D-7590B98EB39B}
		{C95F4584-D502-A02E-535A-FC33A3F78F13} = {EC447DCF-ABFA-6E24-52A5-D7FD48A5C558}
		{7EF71CBB-706B-48ED-9019-F7090E73BF60} = {C95F4584-D502-A02E-535A-FC33A3F78F13}
		{3DF086E1-6144-8839-61F8-1A48D95B6A05} = {EC447DCF-ABFA-6E24-52A5-D7FD48A5C558}
		{FD8D9644-F539-4A1C-8AC3-44ED9C0D5D5D} = {3DF086E1-6144-8839-61F8-1A48D95B6A05}
		{23CC4EE1-D14E-22F9-436F-A1924218B577} = {EC447DCF-ABFA-6E24-52A5-D7FD48A5C558}
		{45E5CDE6-0F64-441F-BCB7-5F92F2EFE985} = {23CC4EE1-D14E-22F9-436F-A1924218B577}
		{93CD49BB-7E54-881D-8D7D-4465243FEA27} = {EC447DCF-ABFA-6E24-52A5-D7FD48A5C558}
		{5F3BAA8B-827F-40EA-B643-9FD30A170097} = {93CD49BB-7E54-881D-8D7D-4465243FEA27}
		{8D626EA8-CB54-BC41-363A-217881BEBA6E} = {827E0CD3-B72D-47B6-A68D-7590B98EB39B}
		{244827A2-C655-448A-B3AA-34CF52963D57} = {8D626EA8-CB54-BC41-363A-217881BEBA6E}
		{C8E42992-5E42-0C2B-DBFE-AA848D06431C} = {827E0CD3-B72D-47B6-A68D-7590B98EB39B}
		{8B743184-3CAF-4499-843E-96348242A773} = {C8E42992-5E42-0C2B-DBFE-AA848D06431C}
	EndGlobalSection
EndGlobal
